
Microsoft Visual Studio Solution File, Format Version 12.00
# Visual Studio 14
VisualStudioVersion = 14.0.25123.0
MinimumVisualStudioVersion = 10.0.40219.1
Project("{FAE04EC0-301F-11D3-BF4B-00C04F79EFBC}") = "SistemaInventarios", "SistemaInventarios\SistemaInventarios.csproj", "{7FA41A3F-C129-4B93-8362-E30E31935366}"
EndProject
Project("{FAE04EC0-301F-11D3-BF4B-00C04F79EFBC}") = "BLL", "BLL\BLL.csproj", "{7B22549E-9B33-4835-BA72-55C42F2646B3}"
EndProject
Project("{FAE04EC0-301F-11D3-BF4B-00C04F79EFBC}") = "DAL", "DAL\DAL.csproj", "{7EBC6896-B1AD-40F4-AE20-71277B816F98}"
EndProject
Project("{FAE04EC0-301F-11D3-BF4B-00C04F79EFBC}") = "Entitites", "Entitites\Entitites.csproj", "{9771B35A-CDB3-404E-9E81-1805D806C29E}"
EndProject
Global
	GlobalSection(SolutionConfigurationPlatforms) = preSolution
		Debug|Any CPU = Debug|Any CPU
		Release|Any CPU = Release|Any CPU
	EndGlobalSection
	GlobalSection(ProjectConfigurationPlatforms) = postSolution
		{7FA41A3F-C129-4B93-8362-E30E31935366}.Debug|Any CPU.ActiveCfg = Debug|Any CPU
		{7FA41A3F-C129-4B93-8362-E30E31935366}.Debug|Any CPU.Build.0 = Debug|Any CPU
		{7FA41A3F-C129-4B93-8362-E30E31935366}.Release|Any CPU.ActiveCfg = Release|Any CPU
		{7FA41A3F-C129-4B93-8362-E30E31935366}.Release|Any CPU.Build.0 = Release|Any CPU
		{7B22549E-9B33-4835-BA72-55C42F2646B3}.Debug|Any CPU.ActiveCfg = Debug|Any CPU
		{7B22549E-9B33-4835-BA72-55C42F2646B3}.Debug|Any CPU.Build.0 = Debug|Any CPU
		{7B22549E-9B33-4835-BA72-55C42F2646B3}.Release|Any CPU.ActiveCfg = Release|Any CPU
		{7B22549E-9B33-4835-BA72-55C42F2646B3}.Release|Any CPU.Build.0 = Release|Any CPU
		{7EBC6896-B1AD-40F4-AE20-71277B816F98}.Debug|Any CPU.ActiveCfg = Debug|Any CPU
		{7EBC6896-B1AD-40F4-AE20-71277B816F98}.Debug|Any CPU.Build.0 = Debug|Any CPU
		{7EBC6896-B1AD-40F4-AE20-71277B816F98}.Release|Any CPU.ActiveCfg = Release|Any CPU
		{7EBC6896-B1AD-40F4-AE20-71277B816F98}.Release|Any CPU.Build.0 = Release|Any CPU
		{9771B35A-CDB3-404E-9E81-1805D806C29E}.Debug|Any CPU.ActiveCfg = Debug|Any CPU
		{9771B35A-CDB3-404E-9E81-1805D806C29E}.Debug|Any CPU.Build.0 = Debug|Any CPU
		{9771B35A-CDB3-404E-9E81-1805D806C29E}.Release|Any CPU.ActiveCfg = Release|Any CPU
		{9771B35A-CDB3-404E-9E81-1805D806C29E}.Release|Any CPU.Build.0 = Release|Any CPU
	EndGlobalSection
	GlobalSection(SolutionProperties) = preSolution
		HideSolutionNode = FALSE
	EndGlobalSection
EndGlobal
